---
label: "[Comp] Slider Block"
hide_body: true
fields:
- name: type
  type: text
  config:
    required: false
  label: Type
  hidden: true
  default: slider_block
- name: cols
  type: include
  config: {}
  template: layout-columns
  label: Columns
- name: cards
  type: blocks
  label: Cards
  template_types:
  - card
  config:
    min: 
    max: 
