---
label: "[Block] Slider"
hide_body: true
fields:
- name: type
  type: text
  config:
    required: false
  label: Type
  description: 'Do not change. This field is only visible to Forestry admins.'
  hidden: true
  default: slider_block
- name: cols
  type: include
  config: {}
  template: layout-columns
  label: Columns
  description: 'DO NOT CHANGE'
- name: cards
  type: blocks
  label: Cards
  description: 'Add a card here'
  template_types:
  - card
  config:
    min: 
    max: 
