---
label: "[Block] Slider"
hide_body: true
fields:
- name: type
  type: text
  config:
    required: false
  label: Type
  hidden: true
  default: slider_block
- name: cols
  type: include
  config: {}
  template: layout-columns
  label: Columns
- name: cards
  type: field_group_list
  fields:
  - name: card_block
    type: include
    config: {}
    template: card
    label: Template → [Comp] Card
  config:
    min: 
    max: 
    labelField: 
  label: Cards
